# This file is automatically @generated by Cargo.
# It is not intended for manual editing.
version = 4

[[package]]
name = "fipc"
version = "1.0.0"
dependencies = [
 "fipc-sys",
]

[[package]]
name = "fipc-bench"
version = "1.0.0"
dependencies = [
 "fipc",
]

[[package]]
name = "fipc-sys"
version = "1.0.0"
